{
  "name": "doofbook",
  "lockfileVersion": 3,
  "requires": true,
  "packages": {
    "": {
      "dependencies": {
        "@andrew24601/reckon": "^0.1.0"
      }
    },
    "node_modules/@andrew24601/reckon": {
      "version": "0.1.0",
      "resolved": "https://registry.npmjs.org/@andrew24601/reckon/-/reckon-0.1.0.tgz",
      "integrity": "sha512-EDKF5p4rAMBCpS1OdwjKSKVId4uvADpNUil36dt5OUMOXwbWMJUAlxNLDCLfrFyx/jl9DQwCeDAYX5IFxGpTSQ==",
      "license": "MIT",
      "engines": {
        "node": ">=20"
      }
    }
  }
}
