{
  "name": "runbook",
  "lockfileVersion": 3,
  "requires": true,
  "packages": {
    "": {
      "dependencies": {
        "@andrew24601/reckon": "^0.1.1"
      }
    },
    "node_modules/@andrew24601/reckon": {
      "version": "0.1.1",
      "resolved": "https://registry.npmjs.org/@andrew24601/reckon/-/reckon-0.1.1.tgz",
      "integrity": "sha512-jicSrG0RtLn8yI4eOl2AdT/5qghl1QS6VR/AnBlAnvWkXXxAkQSW4mGXdhHOS6FIa7AOZnvW+otNFIjyPFvTtQ==",
      "license": "MIT",
      "engines": {
        "node": ">=20"
      }
    }
  }
}
