{
  "name": "runbook",
  "lockfileVersion": 3,
  "requires": true,
  "packages": {
    "": {
      "dependencies": {
        "@andrew24601/reckon": "^0.1.2"
      }
    },
    "node_modules/@andrew24601/reckon": {
      "version": "0.1.2",
      "resolved": "https://registry.npmjs.org/@andrew24601/reckon/-/reckon-0.1.2.tgz",
      "integrity": "sha512-6SG0oEO6BGWqIjFJDeQAeEwTFnPTOurQJu6XCCD0TIdFxgi2CfwIIS+nObaiIea3a4Ui5ZpNfj/onpF9hcDPAw==",
      "license": "MIT",
      "engines": {
        "node": ">=20"
      }
    }
  }
}
